
Microsoft Visual Studio Solution File, Format Version 12.00
# Visual Studio 15
VisualStudioVersion = 15.0.27703.2047
MinimumVisualStudioVersion = 10.0.40219.1
Project("{FAE04EC0-301F-11D3-BF4B-00C04F79EFBC}") = "BlizzPetApp.Android", "BlizzPetApp\BlizzPetApp.Android\BlizzPetApp.Android.csproj", "{BA295E2A-FD1B-4DA8-AD9E-2F88E762F66F}"
EndProject
Project("{FAE04EC0-301F-11D3-BF4B-00C04F79EFBC}") = "BlizzPetApp.iOS", "BlizzPetApp\BlizzPetApp.iOS\BlizzPetApp.iOS.csproj", "{7EFDFA0E-A7B8-4AA1-81B5-F35E6B14A998}"
EndProject
Project("{FAE04EC0-301F-11D3-BF4B-00C04F79EFBC}") = "BlizzPetApp.UWP", "BlizzPetApp\BlizzPetApp.UWP\BlizzPetApp.UWP.csproj", "{D0630ACF-682F-4380-8F08-74DAB900183B}"
EndProject
Project("{FAE04EC0-301F-11D3-BF4B-00C04F79EFBC}") = "BlizzPetApp", "BlizzPetApp\BlizzPetApp\BlizzPetApp.csproj", "{6B8B4F7C-9A0D-4597-9649-CA65537F85CF}"
EndProject
Global
	GlobalSection(SolutionConfigurationPlatforms) = preSolution
		Ad-Hoc|Any CPU = Ad-Hoc|Any CPU
		Ad-Hoc|ARM = Ad-Hoc|ARM
		Ad-Hoc|iPhone = Ad-Hoc|iPhone
		Ad-Hoc|iPhoneSimulator = Ad-Hoc|iPhoneSimulator
		Ad-Hoc|x64 = Ad-Hoc|x64
		Ad-Hoc|x86 = Ad-Hoc|x86
		AppStore|Any CPU = AppStore|Any CPU
		AppStore|ARM = AppStore|ARM
		AppStore|iPhone = AppStore|iPhone
		AppStore|iPhoneSimulator = AppStore|iPhoneSimulator
		AppStore|x64 = AppStore|x64
		AppStore|x86 = AppStore|x86
		Debug|Any CPU = Debug|Any CPU
		Debug|ARM = Debug|ARM
		Debug|iPhone = Debug|iPhone
		Debug|iPhoneSimulator = Debug|iPhoneSimulator
		Debug|x64 = Debug|x64
		Debug|x86 = Debug|x86
		Release|Any CPU = Release|Any CPU
		Release|ARM = Release|ARM
		Release|iPhone = Release|iPhone
		Release|iPhoneSimulator = Release|iPhoneSimulator
		Release|x64 = Release|x64
		Release|x86 = Release|x86
	EndGlobalSection
	GlobalSection(ProjectConfigurationPlatforms) = postSolution
		{BA295E2A-FD1B-4DA8-AD9E-2F88E762F66F}.Ad-Hoc|Any CPU.ActiveCfg = Release|Any CPU
		{BA295E2A-FD1B-4DA8-AD9E-2F88E762F66F}.Ad-Hoc|Any CPU.Build.0 = Release|Any CPU
		{BA295E2A-FD1B-4DA8-AD9E-2F88E762F66F}.Ad-Hoc|Any CPU.Deploy.0 = Release|Any CPU
		{BA295E2A-FD1B-4DA8-AD9E-2F88E762F66F}.Ad-Hoc|ARM.ActiveCfg = Release|Any CPU
		{BA295E2A-FD1B-4DA8-AD9E-2F88E762F66F}.Ad-Hoc|ARM.Build.0 = Release|Any CPU
		{BA295E2A-FD1B-4DA8-AD9E-2F88E762F66F}.Ad-Hoc|ARM.Deploy.0 = Release|Any CPU
		{BA295E2A-FD1B-4DA8-AD9E-2F88E762F66F}.Ad-Hoc|iPhone.ActiveCfg = Release|Any CPU
		{BA295E2A-FD1B-4DA8-AD9E-2F88E762F66F}.Ad-Hoc|iPhone.Build.0 = Release|Any CPU
		{BA295E2A-FD1B-4DA8-AD9E-2F88E762F66F}.Ad-Hoc|iPhone.Deploy.0 = Release|Any CPU
		{BA295E2A-FD1B-4DA8-AD9E-2F88E762F66F}.Ad-Hoc|iPhoneSimulator.ActiveCfg = Release|Any CPU
		{BA295E2A-FD1B-4DA8-AD9E-2F88E762F66F}.Ad-Hoc|iPhoneSimulator.Build.0 = Release|Any CPU
		{BA295E2A-FD1B-4DA8-AD9E-2F88E762F66F}.Ad-Hoc|iPhoneSimulator.Deploy.0 = Release|Any CPU
		{BA295E2A-FD1B-4DA8-AD9E-2F88E762F66F}.Ad-Hoc|x64.ActiveCfg = Release|Any CPU
		{BA295E2A-FD1B-4DA8-AD9E-2F88E762F66F}.Ad-Hoc|x64.Build.0 = Release|Any CPU
		{BA295E2A-FD1B-4DA8-AD9E-2F88E762F66F}.Ad-Hoc|x64.Deploy.0 = Release|Any CPU
		{BA295E2A-FD1B-4DA8-AD9E-2F88E762F66F}.Ad-Hoc|x86.ActiveCfg = Release|Any CPU
		{BA295E2A-FD1B-4DA8-AD9E-2F88E762F66F}.Ad-Hoc|x86.Build.0 = Release|Any CPU
		{BA295E2A-FD1B-4DA8-AD9E-2F88E762F66F}.Ad-Hoc|x86.Deploy.0 = Release|Any CPU
		{BA295E2A-FD1B-4DA8-AD9E-2F88E762F66F}.AppStore|Any CPU.ActiveCfg = Release|Any CPU
		{BA295E2A-FD1B-4DA8-AD9E-2F88E762F66F}.AppStore|Any CPU.Build.0 = Release|Any CPU
		{BA295E2A-FD1B-4DA8-AD9E-2F88E762F66F}.AppStore|Any CPU.Deploy.0 = Release|Any CPU
		{BA295E2A-FD1B-4DA8-AD9E-2F88E762F66F}.AppStore|ARM.ActiveCfg = Release|Any CPU
		{BA295E2A-FD1B-4DA8-AD9E-2F88E762F66F}.AppStore|ARM.Build.0 = Release|Any CPU
		{BA295E2A-FD1B-4DA8-AD9E-2F88E762F66F}.AppStore|ARM.Deploy.0 = Release|Any CPU
		{BA295E2A-FD1B-4DA8-AD9E-2F88E762F66F}.AppStore|iPhone.ActiveCfg = Release|Any CPU
		{BA295E2A-FD1B-4DA8-AD9E-2F88E762F66F}.AppStore|iPhone.Build.0 = Release|Any CPU
		{BA295E2A-FD1B-4DA8-AD9E-2F88E762F66F}.AppStore|iPhone.Deploy.0 = Release|Any CPU
		{BA295E2A-FD1B-4DA8-AD9E-2F88E762F66F}.AppStore|iPhoneSimulator.ActiveCfg = Release|Any CPU
		{BA295E2A-FD1B-4DA8-AD9E-2F88E762F66F}.AppStore|iPhoneSimulator.Build.0 = Release|Any CPU
		{BA295E2A-FD1B-4DA8-AD9E-2F88E762F66F}.AppStore|iPhoneSimulator.Deploy.0 = Release|Any CPU
		{BA295E2A-FD1B-4DA8-AD9E-2F88E762F66F}.AppStore|x64.ActiveCfg = Release|Any CPU
		{BA295E2A-FD1B-4DA8-AD9E-2F88E762F66F}.AppStore|x64.Build.0 = Release|Any CPU
		{BA295E2A-FD1B-4DA8-AD9E-2F88E762F66F}.AppStore|x64.Deploy.0 = Release|Any CPU
		{BA295E2A-FD1B-4DA8-AD9E-2F88E762F66F}.AppStore|x86.ActiveCfg = Release|Any CPU
		{BA295E2A-FD1B-4DA8-AD9E-2F88E762F66F}.AppStore|x86.Build.0 = Release|Any CPU
		{BA295E2A-FD1B-4DA8-AD9E-2F88E762F66F}.AppStore|x86.Deploy.0 = Release|Any CPU
		{BA295E2A-FD1B-4DA8-AD9E-2F88E762F66F}.Debug|Any CPU.ActiveCfg = Debug|Any CPU
		{BA295E2A-FD1B-4DA8-AD9E-2F88E762F66F}.Debug|Any CPU.Build.0 = Debug|Any CPU
		{BA295E2A-FD1B-4DA8-AD9E-2F88E762F66F}.Debug|Any CPU.Deploy.0 = Debug|Any CPU
		{BA295E2A-FD1B-4DA8-AD9E-2F88E762F66F}.Debug|ARM.ActiveCfg = Debug|Any CPU
		{BA295E2A-FD1B-4DA8-AD9E-2F88E762F66F}.Debug|ARM.Build.0 = Debug|Any CPU
		{BA295E2A-FD1B-4DA8-AD9E-2F88E762F66F}.Debug|ARM.Deploy.0 = Debug|Any CPU
		{BA295E2A-FD1B-4DA8-AD9E-2F88E762F66F}.Debug|iPhone.ActiveCfg = Debug|Any CPU
		{BA295E2A-FD1B-4DA8-AD9E-2F88E762F66F}.Debug|iPhone.Build.0 = Debug|Any CPU
		{BA295E2A-FD1B-4DA8-AD9E-2F88E762F66F}.Debug|iPhone.Deploy.0 = Debug|Any CPU
		{BA295E2A-FD1B-4DA8-AD9E-2F88E762F66F}.Debug|iPhoneSimulator.ActiveCfg = Debug|Any CPU
		{BA295E2A-FD1B-4DA8-AD9E-2F88E762F66F}.Debug|iPhoneSimulator.Build.0 = Debug|Any CPU
		{BA295E2A-FD1B-4DA8-AD9E-2F88E762F66F}.Debug|iPhoneSimulator.Deploy.0 = Debug|Any CPU
		{BA295E2A-FD1B-4DA8-AD9E-2F88E762F66F}.Debug|x64.ActiveCfg = Debug|Any CPU
		{BA295E2A-FD1B-4DA8-AD9E-2F88E762F66F}.Debug|x64.Build.0 = Debug|Any CPU
		{BA295E2A-FD1B-4DA8-AD9E-2F88E762F66F}.Debug|x64.Deploy.0 = Debug|Any CPU
		{BA295E2A-FD1B-4DA8-AD9E-2F88E762F66F}.Debug|x86.ActiveCfg = Debug|Any CPU
		{BA295E2A-FD1B-4DA8-AD9E-2F88E762F66F}.Debug|x86.Build.0 = Debug|Any CPU
		{BA295E2A-FD1B-4DA8-AD9E-2F88E762F66F}.Debug|x86.Deploy.0 = Debug|Any CPU
		{BA295E2A-FD1B-4DA8-AD9E-2F88E762F66F}.Release|Any CPU.ActiveCfg = Release|Any CPU
		{BA295E2A-FD1B-4DA8-AD9E-2F88E762F66F}.Release|Any CPU.Build.0 = Release|Any CPU
		{BA295E2A-FD1B-4DA8-AD9E-2F88E762F66F}.Release|Any CPU.Deploy.0 = Release|Any CPU
		{BA295E2A-FD1B-4DA8-AD9E-2F88E762F66F}.Release|ARM.ActiveCfg = Release|Any CPU
		{BA295E2A-FD1B-4DA8-AD9E-2F88E762F66F}.Release|ARM.Build.0 = Release|Any CPU
		{BA295E2A-FD1B-4DA8-AD9E-2F88E762F66F}.Release|ARM.Deploy.0 = Release|Any CPU
		{BA295E2A-FD1B-4DA8-AD9E-2F88E762F66F}.Release|iPhone.ActiveCfg = Release|Any CPU
		{BA295E2A-FD1B-4DA8-AD9E-2F88E762F66F}.Release|iPhone.Build.0 = Release|Any CPU
		{BA295E2A-FD1B-4DA8-AD9E-2F88E762F66F}.Release|iPhone.Deploy.0 = Release|Any CPU
		{BA295E2A-FD1B-4DA8-AD9E-2F88E762F66F}.Release|iPhoneSimulator.ActiveCfg = Release|Any CPU
		{BA295E2A-FD1B-4DA8-AD9E-2F88E762F66F}.Release|iPhoneSimulator.Build.0 = Release|Any CPU
		{BA295E2A-FD1B-4DA8-AD9E-2F88E762F66F}.Release|iPhoneSimulator.Deploy.0 = Release|Any CPU
		{BA295E2A-FD1B-4DA8-AD9E-2F88E762F66F}.Release|x64.ActiveCfg = Release|Any CPU
		{BA295E2A-FD1B-4DA8-AD9E-2F88E762F66F}.Release|x64.Build.0 = Release|Any CPU
		{BA295E2A-FD1B-4DA8-AD9E-2F88E762F66F}.Release|x64.Deploy.0 = Release|Any CPU
		{BA295E2A-FD1B-4DA8-AD9E-2F88E762F66F}.Release|x86.ActiveCfg = Release|Any CPU
		{BA295E2A-FD1B-4DA8-AD9E-2F88E762F66F}.Release|x86.Build.0 = Release|Any CPU
		{BA295E2A-FD1B-4DA8-AD9E-2F88E762F66F}.Release|x86.Deploy.0 = Release|Any CPU
		{7EFDFA0E-A7B8-4AA1-81B5-F35E6B14A998}.Ad-Hoc|Any CPU.ActiveCfg = Ad-Hoc|iPhone
		{7EFDFA0E-A7B8-4AA1-81B5-F35E6B14A998}.Ad-Hoc|Any CPU.Build.0 = Ad-Hoc|iPhone
		{7EFDFA0E-A7B8-4AA1-81B5-F35E6B14A998}.Ad-Hoc|Any CPU.Deploy.0 = Ad-Hoc|iPhone
		{7EFDFA0E-A7B8-4AA1-81B5-F35E6B14A998}.Ad-Hoc|ARM.ActiveCfg = Ad-Hoc|iPhone
		{7EFDFA0E-A7B8-4AA1-81B5-F35E6B14A998}.Ad-Hoc|ARM.Build.0 = Ad-Hoc|iPhone
		{7EFDFA0E-A7B8-4AA1-81B5-F35E6B14A998}.Ad-Hoc|ARM.Deploy.0 = Ad-Hoc|iPhone
		{7EFDFA0E-A7B8-4AA1-81B5-F35E6B14A998}.Ad-Hoc|iPhone.ActiveCfg = Ad-Hoc|iPhone
		{7EFDFA0E-A7B8-4AA1-81B5-F35E6B14A998}.Ad-Hoc|iPhone.Build.0 = Ad-Hoc|iPhone
		{7EFDFA0E-A7B8-4AA1-81B5-F35E6B14A998}.Ad-Hoc|iPhone.Deploy.0 = Ad-Hoc|iPhone
		{7EFDFA0E-A7B8-4AA1-81B5-F35E6B14A998}.Ad-Hoc|iPhoneSimulator.ActiveCfg = Ad-Hoc|iPhoneSimulator
		{7EFDFA0E-A7B8-4AA1-81B5-F35E6B14A998}.Ad-Hoc|iPhoneSimulator.Build.0 = Ad-Hoc|iPhoneSimulator
		{7EFDFA0E-A7B8-4AA1-81B5-F35E6B14A998}.Ad-Hoc|iPhoneSimulator.Deploy.0 = Ad-Hoc|iPhoneSimulator
		{7EFDFA0E-A7B8-4AA1-81B5-F35E6B14A998}.Ad-Hoc|x64.ActiveCfg = Ad-Hoc|iPhone
		{7EFDFA0E-A7B8-4AA1-81B5-F35E6B14A998}.Ad-Hoc|x64.Build.0 = Ad-Hoc|iPhone
		{7EFDFA0E-A7B8-4AA1-81B5-F35E6B14A998}.Ad-Hoc|x64.Deploy.0 = Ad-Hoc|iPhone
		{7EFDFA0E-A7B8-4AA1-81B5-F35E6B14A998}.Ad-Hoc|x86.ActiveCfg = Ad-Hoc|iPhone
		{7EFDFA0E-A7B8-4AA1-81B5-F35E6B14A998}.Ad-Hoc|x86.Build.0 = Ad-Hoc|iPhone
		{7EFDFA0E-A7B8-4AA1-81B5-F35E6B14A998}.Ad-Hoc|x86.Deploy.0 = Ad-Hoc|iPhone
		{7EFDFA0E-A7B8-4AA1-81B5-F35E6B14A998}.AppStore|Any CPU.ActiveCfg = AppStore|iPhone
		{7EFDFA0E-A7B8-4AA1-81B5-F35E6B14A998}.AppStore|Any CPU.Build.0 = AppStore|iPhone
		{7EFDFA0E-A7B8-4AA1-81B5-F35E6B14A998}.AppStore|Any CPU.Deploy.0 = AppStore|iPhone
		{7EFDFA0E-A7B8-4AA1-81B5-F35E6B14A998}.AppStore|ARM.ActiveCfg = AppStore|iPhone
		{7EFDFA0E-A7B8-4AA1-81B5-F35E6B14A998}.AppStore|ARM.Build.0 = AppStore|iPhone
		{7EFDFA0E-A7B8-4AA1-81B5-F35E6B14A998}.AppStore|ARM.Deploy.0 = AppStore|iPhone
		{7EFDFA0E-A7B8-4AA1-81B5-F35E6B14A998}.AppStore|iPhone.ActiveCfg = AppStore|iPhone
		{7EFDFA0E-A7B8-4AA1-81B5-F35E6B14A998}.AppStore|iPhone.Build.0 = AppStore|iPhone
		{7EFDFA0E-A7B8-4AA1-81B5-F35E6B14A998}.AppStore|iPhone.Deploy.0 = AppStore|iPhone
		{7EFDFA0E-A7B8-4AA1-81B5-F35E6B14A998}.AppStore|iPhoneSimulator.ActiveCfg = AppStore|iPhoneSimulator
		{7EFDFA0E-A7B8-4AA1-81B5-F35E6B14A998}.AppStore|iPhoneSimulator.Build.0 = AppStore|iPhoneSimulator
		{7EFDFA0E-A7B8-4AA1-81B5-F35E6B14A998}.AppStore|iPhoneSimulator.Deploy.0 = AppStore|iPhoneSimulator
		{7EFDFA0E-A7B8-4AA1-81B5-F35E6B14A998}.AppStore|x64.ActiveCfg = AppStore|iPhone
		{7EFDFA0E-A7B8-4AA1-81B5-F35E6B14A998}.AppStore|x64.Build.0 = AppStore|iPhone
		{7EFDFA0E-A7B8-4AA1-81B5-F35E6B14A998}.AppStore|x64.Deploy.0 = AppStore|iPhone
		{7EFDFA0E-A7B8-4AA1-81B5-F35E6B14A998}.AppStore|x86.ActiveCfg = AppStore|iPhone
		{7EFDFA0E-A7B8-4AA1-81B5-F35E6B14A998}.AppStore|x86.Build.0 = AppStore|iPhone
		{7EFDFA0E-A7B8-4AA1-81B5-F35E6B14A998}.AppStore|x86.Deploy.0 = AppStore|iPhone
		{7EFDFA0E-A7B8-4AA1-81B5-F35E6B14A998}.Debug|Any CPU.ActiveCfg = Debug|iPhoneSimulator
		{7EFDFA0E-A7B8-4AA1-81B5-F35E6B14A998}.Debug|Any CPU.Build.0 = Debug|iPhoneSimulator
		{7EFDFA0E-A7B8-4AA1-81B5-F35E6B14A998}.Debug|Any CPU.Deploy.0 = Debug|iPhoneSimulator
		{7EFDFA0E-A7B8-4AA1-81B5-F35E6B14A998}.Debug|ARM.ActiveCfg = Debug|iPhone
		{7EFDFA0E-A7B8-4AA1-81B5-F35E6B14A998}.Debug|ARM.Build.0 = Debug|iPhone
		{7EFDFA0E-A7B8-4AA1-81B5-F35E6B14A998}.Debug|ARM.Deploy.0 = Debug|iPhone
		{7EFDFA0E-A7B8-4AA1-81B5-F35E6B14A998}.Debug|iPhone.ActiveCfg = Debug|iPhone
		{7EFDFA0E-A7B8-4AA1-81B5-F35E6B14A998}.Debug|iPhone.Build.0 = Debug|iPhone
		{7EFDFA0E-A7B8-4AA1-81B5-F35E6B14A998}.Debug|iPhone.Deploy.0 = Debug|iPhone
		{7EFDFA0E-A7B8-4AA1-81B5-F35E6B14A998}.Debug|iPhoneSimulator.ActiveCfg = Debug|iPhoneSimulator
		{7EFDFA0E-A7B8-4AA1-81B5-F35E6B14A998}.Debug|iPhoneSimulator.Build.0 = Debug|iPhoneSimulator
		{7EFDFA0E-A7B8-4AA1-81B5-F35E6B14A998}.Debug|iPhoneSimulator.Deploy.0 = Debug|iPhoneSimulator
		{7EFDFA0E-A7B8-4AA1-81B5-F35E6B14A998}.Debug|x64.ActiveCfg = Debug|iPhone
		{7EFDFA0E-A7B8-4AA1-81B5-F35E6B14A998}.Debug|x64.Build.0 = Debug|iPhone
		{7EFDFA0E-A7B8-4AA1-81B5-F35E6B14A998}.Debug|x64.Deploy.0 = Debug|iPhone
		{7EFDFA0E-A7B8-4AA1-81B5-F35E6B14A998}.Debug|x86.ActiveCfg = Debug|iPhone
		{7EFDFA0E-A7B8-4AA1-81B5-F35E6B14A998}.Debug|x86.Build.0 = Debug|iPhone
		{7EFDFA0E-A7B8-4AA1-81B5-F35E6B14A998}.Debug|x86.Deploy.0 = Debug|iPhone
		{7EFDFA0E-A7B8-4AA1-81B5-F35E6B14A998}.Release|Any CPU.ActiveCfg = Release|iPhone
		{7EFDFA0E-A7B8-4AA1-81B5-F35E6B14A998}.Release|Any CPU.Build.0 = Release|iPhone
		{7EFDFA0E-A7B8-4AA1-81B5-F35E6B14A998}.Release|Any CPU.Deploy.0 = Release|iPhone
		{7EFDFA0E-A7B8-4AA1-81B5-F35E6B14A998}.Release|ARM.ActiveCfg = Release|iPhone
		{7EFDFA0E-A7B8-4AA1-81B5-F35E6B14A998}.Release|ARM.Build.0 = Release|iPhone
		{7EFDFA0E-A7B8-4AA1-81B5-F35E6B14A998}.Release|ARM.Deploy.0 = Release|iPhone
		{7EFDFA0E-A7B8-4AA1-81B5-F35E6B14A998}.Release|iPhone.ActiveCfg = Release|iPhone
		{7EFDFA0E-A7B8-4AA1-81B5-F35E6B14A998}.Release|iPhone.Build.0 = Release|iPhone
		{7EFDFA0E-A7B8-4AA1-81B5-F35E6B14A998}.Release|iPhone.Deploy.0 = Release|iPhone
		{7EFDFA0E-A7B8-4AA1-81B5-F35E6B14A998}.Release|iPhoneSimulator.ActiveCfg = Release|iPhoneSimulator
		{7EFDFA0E-A7B8-4AA1-81B5-F35E6B14A998}.Release|iPhoneSimulator.Build.0 = Release|iPhoneSimulator
		{7EFDFA0E-A7B8-4AA1-81B5-F35E6B14A998}.Release|iPhoneSimulator.Deploy.0 = Release|iPhoneSimulator
		{7EFDFA0E-A7B8-4AA1-81B5-F35E6B14A998}.Release|x64.ActiveCfg = Release|iPhone
		{7EFDFA0E-A7B8-4AA1-81B5-F35E6B14A998}.Release|x64.Build.0 = Release|iPhone
		{7EFDFA0E-A7B8-4AA1-81B5-F35E6B14A998}.Release|x64.Deploy.0 = Release|iPhone
		{7EFDFA0E-A7B8-4AA1-81B5-F35E6B14A998}.Release|x86.ActiveCfg = Release|iPhone
		{7EFDFA0E-A7B8-4AA1-81B5-F35E6B14A998}.Release|x86.Build.0 = Release|iPhone
		{7EFDFA0E-A7B8-4AA1-81B5-F35E6B14A998}.Release|x86.Deploy.0 = Release|iPhone
		{D0630ACF-682F-4380-8F08-74DAB900183B}.Ad-Hoc|Any CPU.ActiveCfg = Release|x86
		{D0630ACF-682F-4380-8F08-74DAB900183B}.Ad-Hoc|Any CPU.Build.0 = Release|x86
		{D0630ACF-682F-4380-8F08-74DAB900183B}.Ad-Hoc|Any CPU.Deploy.0 = Release|x86
		{D0630ACF-682F-4380-8F08-74DAB900183B}.Ad-Hoc|ARM.ActiveCfg = Release|ARM
		{D0630ACF-682F-4380-8F08-74DAB900183B}.Ad-Hoc|ARM.Build.0 = Release|ARM
		{D0630ACF-682F-4380-8F08-74DAB900183B}.Ad-Hoc|ARM.Deploy.0 = Release|ARM
		{D0630ACF-682F-4380-8F08-74DAB900183B}.Ad-Hoc|iPhone.ActiveCfg = Release|x86
		{D0630ACF-682F-4380-8F08-74DAB900183B}.Ad-Hoc|iPhone.Build.0 = Release|x86
		{D0630ACF-682F-4380-8F08-74DAB900183B}.Ad-Hoc|iPhone.Deploy.0 = Release|x86
		{D0630ACF-682F-4380-8F08-74DAB900183B}.Ad-Hoc|iPhoneSimulator.ActiveCfg = Release|x86
		{D0630ACF-682F-4380-8F08-74DAB900183B}.Ad-Hoc|iPhoneSimulator.Build.0 = Release|x86
		{D0630ACF-682F-4380-8F08-74DAB900183B}.Ad-Hoc|iPhoneSimulator.Deploy.0 = Release|x86
		{D0630ACF-682F-4380-8F08-74DAB900183B}.Ad-Hoc|x64.ActiveCfg = Release|x64
		{D0630ACF-682F-4380-8F08-74DAB900183B}.Ad-Hoc|x64.Build.0 = Release|x64
		{D0630ACF-682F-4380-8F08-74DAB900183B}.Ad-Hoc|x64.Deploy.0 = Release|x64
		{D0630ACF-682F-4380-8F08-74DAB900183B}.Ad-Hoc|x86.ActiveCfg = Release|x86
		{D0630ACF-682F-4380-8F08-74DAB900183B}.Ad-Hoc|x86.Build.0 = Release|x86
		{D0630ACF-682F-4380-8F08-74DAB900183B}.Ad-Hoc|x86.Deploy.0 = Release|x86
		{D0630ACF-682F-4380-8F08-74DAB900183B}.AppStore|Any CPU.ActiveCfg = Release|x86
		{D0630ACF-682F-4380-8F08-74DAB900183B}.AppStore|Any CPU.Build.0 = Release|x86
		{D0630ACF-682F-4380-8F08-74DAB900183B}.AppStore|Any CPU.Deploy.0 = Release|x86
		{D0630ACF-682F-4380-8F08-74DAB900183B}.AppStore|ARM.ActiveCfg = Release|ARM
		{D0630ACF-682F-4380-8F08-74DAB900183B}.AppStore|ARM.Build.0 = Release|ARM
		{D0630ACF-682F-4380-8F08-74DAB900183B}.AppStore|ARM.Deploy.0 = Release|ARM
		{D0630ACF-682F-4380-8F08-74DAB900183B}.AppStore|iPhone.ActiveCfg = Release|x86
		{D0630ACF-682F-4380-8F08-74DAB900183B}.AppStore|iPhone.Build.0 = Release|x86
		{D0630ACF-682F-4380-8F08-74DAB900183B}.AppStore|iPhone.Deploy.0 = Release|x86
		{D0630ACF-682F-4380-8F08-74DAB900183B}.AppStore|iPhoneSimulator.ActiveCfg = Release|x86
		{D0630ACF-682F-4380-8F08-74DAB900183B}.AppStore|iPhoneSimulator.Build.0 = Release|x86
		{D0630ACF-682F-4380-8F08-74DAB900183B}.AppStore|iPhoneSimulator.Deploy.0 = Release|x86
		{D0630ACF-682F-4380-8F08-74DAB900183B}.AppStore|x64.ActiveCfg = Release|x64
		{D0630ACF-682F-4380-8F08-74DAB900183B}.AppStore|x64.Build.0 = Release|x64
		{D0630ACF-682F-4380-8F08-74DAB900183B}.AppStore|x64.Deploy.0 = Release|x64
		{D0630ACF-682F-4380-8F08-74DAB900183B}.AppStore|x86.ActiveCfg = Release|x86
		{D0630ACF-682F-4380-8F08-74DAB900183B}.AppStore|x86.Build.0 = Release|x86
		{D0630ACF-682F-4380-8F08-74DAB900183B}.AppStore|x86.Deploy.0 = Release|x86
		{D0630ACF-682F-4380-8F08-74DAB900183B}.Debug|Any CPU.ActiveCfg = Debug|x86
		{D0630ACF-682F-4380-8F08-74DAB900183B}.Debug|Any CPU.Build.0 = Debug|x86
		{D0630ACF-682F-4380-8F08-74DAB900183B}.Debug|Any CPU.Deploy.0 = Debug|x86
		{D0630ACF-682F-4380-8F08-74DAB900183B}.Debug|ARM.ActiveCfg = Debug|ARM
		{D0630ACF-682F-4380-8F08-74DAB900183B}.Debug|ARM.Build.0 = Debug|ARM
		{D0630ACF-682F-4380-8F08-74DAB900183B}.Debug|ARM.Deploy.0 = Debug|ARM
		{D0630ACF-682F-4380-8F08-74DAB900183B}.Debug|iPhone.ActiveCfg = Debug|x86
		{D0630ACF-682F-4380-8F08-74DAB900183B}.Debug|iPhone.Build.0 = Debug|x86
		{D0630ACF-682F-4380-8F08-74DAB900183B}.Debug|iPhone.Deploy.0 = Debug|x86
		{D0630ACF-682F-4380-8F08-74DAB900183B}.Debug|iPhoneSimulator.ActiveCfg = Debug|x86
		{D0630ACF-682F-4380-8F08-74DAB900183B}.Debug|iPhoneSimulator.Build.0 = Debug|x86
		{D0630ACF-682F-4380-8F08-74DAB900183B}.Debug|iPhoneSimulator.Deploy.0 = Debug|x86
		{D0630ACF-682F-4380-8F08-74DAB900183B}.Debug|x64.ActiveCfg = Debug|x64
		{D0630ACF-682F-4380-8F08-74DAB900183B}.Debug|x64.Build.0 = Debug|x64
		{D0630ACF-682F-4380-8F08-74DAB900183B}.Debug|x64.Deploy.0 = Debug|x64
		{D0630ACF-682F-4380-8F08-74DAB900183B}.Debug|x86.ActiveCfg = Debug|x86
		{D0630ACF-682F-4380-8F08-74DAB900183B}.Debug|x86.Build.0 = Debug|x86
		{D0630ACF-682F-4380-8F08-74DAB900183B}.Debug|x86.Deploy.0 = Debug|x86
		{D0630ACF-682F-4380-8F08-74DAB900183B}.Release|Any CPU.ActiveCfg = Release|x86
		{D0630ACF-682F-4380-8F08-74DAB900183B}.Release|Any CPU.Build.0 = Release|x86
		{D0630ACF-682F-4380-8F08-74DAB900183B}.Release|Any CPU.Deploy.0 = Release|x86
		{D0630ACF-682F-4380-8F08-74DAB900183B}.Release|ARM.ActiveCfg = Release|ARM
		{D0630ACF-682F-4380-8F08-74DAB900183B}.Release|ARM.Build.0 = Release|ARM
		{D0630ACF-682F-4380-8F08-74DAB900183B}.Release|ARM.Deploy.0 = Release|ARM
		{D0630ACF-682F-4380-8F08-74DAB900183B}.Release|iPhone.ActiveCfg = Release|x86
		{D0630ACF-682F-4380-8F08-74DAB900183B}.Release|iPhone.Build.0 = Release|x86
		{D0630ACF-682F-4380-8F08-74DAB900183B}.Release|iPhone.Deploy.0 = Release|x86
		{D0630ACF-682F-4380-8F08-74DAB900183B}.Release|iPhoneSimulator.ActiveCfg = Release|x86
		{D0630ACF-682F-4380-8F08-74DAB900183B}.Release|iPhoneSimulator.Build.0 = Release|x86
		{D0630ACF-682F-4380-8F08-74DAB900183B}.Release|iPhoneSimulator.Deploy.0 = Release|x86
		{D0630ACF-682F-4380-8F08-74DAB900183B}.Release|x64.ActiveCfg = Release|x64
		{D0630ACF-682F-4380-8F08-74DAB900183B}.Release|x64.Build.0 = Release|x64
		{D0630ACF-682F-4380-8F08-74DAB900183B}.Release|x64.Deploy.0 = Release|x64
		{D0630ACF-682F-4380-8F08-74DAB900183B}.Release|x86.ActiveCfg = Release|x86
		{D0630ACF-682F-4380-8F08-74DAB900183B}.Release|x86.Build.0 = Release|x86
		{D0630ACF-682F-4380-8F08-74DAB900183B}.Release|x86.Deploy.0 = Release|x86
		{6B8B4F7C-9A0D-4597-9649-CA65537F85CF}.Ad-Hoc|Any CPU.ActiveCfg = Debug|Any CPU
		{6B8B4F7C-9A0D-4597-9649-CA65537F85CF}.Ad-Hoc|Any CPU.Build.0 = Debug|Any CPU
		{6B8B4F7C-9A0D-4597-9649-CA65537F85CF}.Ad-Hoc|Any CPU.Deploy.0 = Debug|Any CPU
		{6B8B4F7C-9A0D-4597-9649-CA65537F85CF}.Ad-Hoc|ARM.ActiveCfg = Debug|Any CPU
		{6B8B4F7C-9A0D-4597-9649-CA65537F85CF}.Ad-Hoc|ARM.Build.0 = Debug|Any CPU
		{6B8B4F7C-9A0D-4597-9649-CA65537F85CF}.Ad-Hoc|ARM.Deploy.0 = Debug|Any CPU
		{6B8B4F7C-9A0D-4597-9649-CA65537F85CF}.Ad-Hoc|iPhone.ActiveCfg = Debug|Any CPU
		{6B8B4F7C-9A0D-4597-9649-CA65537F85CF}.Ad-Hoc|iPhone.Build.0 = Debug|Any CPU
		{6B8B4F7C-9A0D-4597-9649-CA65537F85CF}.Ad-Hoc|iPhone.Deploy.0 = Debug|Any CPU
		{6B8B4F7C-9A0D-4597-9649-CA65537F85CF}.Ad-Hoc|iPhoneSimulator.ActiveCfg = Debug|Any CPU
		{6B8B4F7C-9A0D-4597-9649-CA65537F85CF}.Ad-Hoc|iPhoneSimulator.Build.0 = Debug|Any CPU
		{6B8B4F7C-9A0D-4597-9649-CA65537F85CF}.Ad-Hoc|iPhoneSimulator.Deploy.0 = Debug|Any CPU
		{6B8B4F7C-9A0D-4597-9649-CA65537F85CF}.Ad-Hoc|x64.ActiveCfg = Debug|Any CPU
		{6B8B4F7C-9A0D-4597-9649-CA65537F85CF}.Ad-Hoc|x64.Build.0 = Debug|Any CPU
		{6B8B4F7C-9A0D-4597-9649-CA65537F85CF}.Ad-Hoc|x64.Deploy.0 = Debug|Any CPU
		{6B8B4F7C-9A0D-4597-9649-CA65537F85CF}.Ad-Hoc|x86.ActiveCfg = Debug|Any CPU
		{6B8B4F7C-9A0D-4597-9649-CA65537F85CF}.Ad-Hoc|x86.Build.0 = Debug|Any CPU
		{6B8B4F7C-9A0D-4597-9649-CA65537F85CF}.Ad-Hoc|x86.Deploy.0 = Debug|Any CPU
		{6B8B4F7C-9A0D-4597-9649-CA65537F85CF}.AppStore|Any CPU.ActiveCfg = Debug|Any CPU
		{6B8B4F7C-9A0D-4597-9649-CA65537F85CF}.AppStore|Any CPU.Build.0 = Debug|Any CPU
		{6B8B4F7C-9A0D-4597-9649-CA65537F85CF}.AppStore|Any CPU.Deploy.0 = Debug|Any CPU
		{6B8B4F7C-9A0D-4597-9649-CA65537F85CF}.AppStore|ARM.ActiveCfg = Debug|Any CPU
		{6B8B4F7C-9A0D-4597-9649-CA65537F85CF}.AppStore|ARM.Build.0 = Debug|Any CPU
		{6B8B4F7C-9A0D-4597-9649-CA65537F85CF}.AppStore|ARM.Deploy.0 = Debug|Any CPU
		{6B8B4F7C-9A0D-4597-9649-CA65537F85CF}.AppStore|iPhone.ActiveCfg = Debug|Any CPU
		{6B8B4F7C-9A0D-4597-9649-CA65537F85CF}.AppStore|iPhone.Build.0 = Debug|Any CPU
		{6B8B4F7C-9A0D-4597-9649-CA65537F85CF}.AppStore|iPhone.Deploy.0 = Debug|Any CPU
		{6B8B4F7C-9A0D-4597-9649-CA65537F85CF}.AppStore|iPhoneSimulator.ActiveCfg = Debug|Any CPU
		{6B8B4F7C-9A0D-4597-9649-CA65537F85CF}.AppStore|iPhoneSimulator.Build.0 = Debug|Any CPU
		{6B8B4F7C-9A0D-4597-9649-CA65537F85CF}.AppStore|iPhoneSimulator.Deploy.0 = Debug|Any CPU
		{6B8B4F7C-9A0D-4597-9649-CA65537F85CF}.AppStore|x64.ActiveCfg = Debug|Any CPU
		{6B8B4F7C-9A0D-4597-9649-CA65537F85CF}.AppStore|x64.Build.0 = Debug|Any CPU
		{6B8B4F7C-9A0D-4597-9649-CA65537F85CF}.AppStore|x64.Deploy.0 = Debug|Any CPU
		{6B8B4F7C-9A0D-4597-9649-CA65537F85CF}.AppStore|x86.ActiveCfg = Debug|Any CPU
		{6B8B4F7C-9A0D-4597-9649-CA65537F85CF}.AppStore|x86.Build.0 = Debug|Any CPU
		{6B8B4F7C-9A0D-4597-9649-CA65537F85CF}.AppStore|x86.Deploy.0 = Debug|Any CPU
		{6B8B4F7C-9A0D-4597-9649-CA65537F85CF}.Debug|Any CPU.ActiveCfg = Debug|Any CPU
		{6B8B4F7C-9A0D-4597-9649-CA65537F85CF}.Debug|Any CPU.Build.0 = Debug|Any CPU
		{6B8B4F7C-9A0D-4597-9649-CA65537F85CF}.Debug|Any CPU.Deploy.0 = Debug|Any CPU
		{6B8B4F7C-9A0D-4597-9649-CA65537F85CF}.Debug|ARM.ActiveCfg = Debug|Any CPU
		{6B8B4F7C-9A0D-4597-9649-CA65537F85CF}.Debug|ARM.Build.0 = Debug|Any CPU
		{6B8B4F7C-9A0D-4597-9649-CA65537F85CF}.Debug|ARM.Deploy.0 = Debug|Any CPU
		{6B8B4F7C-9A0D-4597-9649-CA65537F85CF}.Debug|iPhone.ActiveCfg = Debug|Any CPU
		{6B8B4F7C-9A0D-4597-9649-CA65537F85CF}.Debug|iPhone.Build.0 = Debug|Any CPU
		{6B8B4F7C-9A0D-4597-9649-CA65537F85CF}.Debug|iPhone.Deploy.0 = Debug|Any CPU
		{6B8B4F7C-9A0D-4597-9649-CA65537F85CF}.Debug|iPhoneSimulator.ActiveCfg = Debug|Any CPU
		{6B8B4F7C-9A0D-4597-9649-CA65537F85CF}.Debug|iPhoneSimulator.Build.0 = Debug|Any CPU
		{6B8B4F7C-9A0D-4597-9649-CA65537F85CF}.Debug|iPhoneSimulator.Deploy.0 = Debug|Any CPU
		{6B8B4F7C-9A0D-4597-9649-CA65537F85CF}.Debug|x64.ActiveCfg = Debug|Any CPU
		{6B8B4F7C-9A0D-4597-9649-CA65537F85CF}.Debug|x64.Build.0 = Debug|Any CPU
		{6B8B4F7C-9A0D-4597-9649-CA65537F85CF}.Debug|x64.Deploy.0 = Debug|Any CPU
		{6B8B4F7C-9A0D-4597-9649-CA65537F85CF}.Debug|x86.ActiveCfg = Debug|Any CPU
		{6B8B4F7C-9A0D-4597-9649-CA65537F85CF}.Debug|x86.Build.0 = Debug|Any CPU
		{6B8B4F7C-9A0D-4597-9649-CA65537F85CF}.Debug|x86.Deploy.0 = Debug|Any CPU
		{6B8B4F7C-9A0D-4597-9649-CA65537F85CF}.Release|Any CPU.ActiveCfg = Release|Any CPU
		{6B8B4F7C-9A0D-4597-9649-CA65537F85CF}.Release|Any CPU.Build.0 = Release|Any CPU
		{6B8B4F7C-9A0D-4597-9649-CA65537F85CF}.Release|Any CPU.Deploy.0 = Release|Any CPU
		{6B8B4F7C-9A0D-4597-9649-CA65537F85CF}.Release|ARM.ActiveCfg = Release|Any CPU
		{6B8B4F7C-9A0D-4597-9649-CA65537F85CF}.Release|ARM.Build.0 = Release|Any CPU
		{6B8B4F7C-9A0D-4597-9649-CA65537F85CF}.Release|ARM.Deploy.0 = Release|Any CPU
		{6B8B4F7C-9A0D-4597-9649-CA65537F85CF}.Release|iPhone.ActiveCfg = Release|Any CPU
		{6B8B4F7C-9A0D-4597-9649-CA65537F85CF}.Release|iPhone.Build.0 = Release|Any CPU
		{6B8B4F7C-9A0D-4597-9649-CA65537F85CF}.Release|iPhone.Deploy.0 = Release|Any CPU
		{6B8B4F7C-9A0D-4597-9649-CA65537F85CF}.Release|iPhoneSimulator.ActiveCfg = Release|Any CPU
		{6B8B4F7C-9A0D-4597-9649-CA65537F85CF}.Release|iPhoneSimulator.Build.0 = Release|Any CPU
		{6B8B4F7C-9A0D-4597-9649-CA65537F85CF}.Release|iPhoneSimulator.Deploy.0 = Release|Any CPU
		{6B8B4F7C-9A0D-4597-9649-CA65537F85CF}.Release|x64.ActiveCfg = Release|Any CPU
		{6B8B4F7C-9A0D-4597-9649-CA65537F85CF}.Release|x64.Build.0 = Release|Any CPU
		{6B8B4F7C-9A0D-4597-9649-CA65537F85CF}.Release|x64.Deploy.0 = Release|Any CPU
		{6B8B4F7C-9A0D-4597-9649-CA65537F85CF}.Release|x86.ActiveCfg = Release|Any CPU
		{6B8B4F7C-9A0D-4597-9649-CA65537F85CF}.Release|x86.Build.0 = Release|Any CPU
		{6B8B4F7C-9A0D-4597-9649-CA65537F85CF}.Release|x86.Deploy.0 = Release|Any CPU
	EndGlobalSection
	GlobalSection(SolutionProperties) = preSolution
		HideSolutionNode = FALSE
	EndGlobalSection
	GlobalSection(ExtensibilityGlobals) = postSolution
		SolutionGuid = {64A047A9-561B-4286-B23B-794745D4D01F}
	EndGlobalSection
EndGlobal
