
Microsoft Visual Studio Solution File, Format Version 12.00
# Visual Studio 15
VisualStudioVersion = 15.0.27703.2047
MinimumVisualStudioVersion = 10.0.40219.1
Project("{FAE04EC0-301F-11D3-BF4B-00C04F79EFBC}") = "BlizzPetApp.Android", "BlizzPetApp\BlizzPetApp.Android\BlizzPetApp.Android.csproj", "{CE24FB62-C9AE-4BE0-9B06-9C789D670BBE}"
EndProject
Project("{FAE04EC0-301F-11D3-BF4B-00C04F79EFBC}") = "BlizzPetApp.iOS", "BlizzPetApp\BlizzPetApp.iOS\BlizzPetApp.iOS.csproj", "{034952E7-3D89-46DB-B65D-5091AD8FC849}"
EndProject
Project("{FAE04EC0-301F-11D3-BF4B-00C04F79EFBC}") = "BlizzPetApp.UWP", "BlizzPetApp\BlizzPetApp.UWP\BlizzPetApp.UWP.csproj", "{AD941338-BE31-4E0A-BEC1-D11A137506E0}"
EndProject
Project("{FAE04EC0-301F-11D3-BF4B-00C04F79EFBC}") = "BlizzPetApp", "BlizzPetApp\BlizzPetApp\BlizzPetApp.csproj", "{81144BE0-DBCF-4CAF-857A-7655FF2AFA49}"
EndProject
Global
	GlobalSection(SolutionConfigurationPlatforms) = preSolution
		Ad-Hoc|Any CPU = Ad-Hoc|Any CPU
		Ad-Hoc|ARM = Ad-Hoc|ARM
		Ad-Hoc|iPhone = Ad-Hoc|iPhone
		Ad-Hoc|iPhoneSimulator = Ad-Hoc|iPhoneSimulator
		Ad-Hoc|x64 = Ad-Hoc|x64
		Ad-Hoc|x86 = Ad-Hoc|x86
		AppStore|Any CPU = AppStore|Any CPU
		AppStore|ARM = AppStore|ARM
		AppStore|iPhone = AppStore|iPhone
		AppStore|iPhoneSimulator = AppStore|iPhoneSimulator
		AppStore|x64 = AppStore|x64
		AppStore|x86 = AppStore|x86
		Debug|Any CPU = Debug|Any CPU
		Debug|ARM = Debug|ARM
		Debug|iPhone = Debug|iPhone
		Debug|iPhoneSimulator = Debug|iPhoneSimulator
		Debug|x64 = Debug|x64
		Debug|x86 = Debug|x86
		Release|Any CPU = Release|Any CPU
		Release|ARM = Release|ARM
		Release|iPhone = Release|iPhone
		Release|iPhoneSimulator = Release|iPhoneSimulator
		Release|x64 = Release|x64
		Release|x86 = Release|x86
	EndGlobalSection
	GlobalSection(ProjectConfigurationPlatforms) = postSolution
		{CE24FB62-C9AE-4BE0-9B06-9C789D670BBE}.Ad-Hoc|Any CPU.ActiveCfg = Release|Any CPU
		{CE24FB62-C9AE-4BE0-9B06-9C789D670BBE}.Ad-Hoc|Any CPU.Build.0 = Release|Any CPU
		{CE24FB62-C9AE-4BE0-9B06-9C789D670BBE}.Ad-Hoc|Any CPU.Deploy.0 = Release|Any CPU
		{CE24FB62-C9AE-4BE0-9B06-9C789D670BBE}.Ad-Hoc|ARM.ActiveCfg = Release|Any CPU
		{CE24FB62-C9AE-4BE0-9B06-9C789D670BBE}.Ad-Hoc|ARM.Build.0 = Release|Any CPU
		{CE24FB62-C9AE-4BE0-9B06-9C789D670BBE}.Ad-Hoc|ARM.Deploy.0 = Release|Any CPU
		{CE24FB62-C9AE-4BE0-9B06-9C789D670BBE}.Ad-Hoc|iPhone.ActiveCfg = Release|Any CPU
		{CE24FB62-C9AE-4BE0-9B06-9C789D670BBE}.Ad-Hoc|iPhone.Build.0 = Release|Any CPU
		{CE24FB62-C9AE-4BE0-9B06-9C789D670BBE}.Ad-Hoc|iPhone.Deploy.0 = Release|Any CPU
		{CE24FB62-C9AE-4BE0-9B06-9C789D670BBE}.Ad-Hoc|iPhoneSimulator.ActiveCfg = Release|Any CPU
		{CE24FB62-C9AE-4BE0-9B06-9C789D670BBE}.Ad-Hoc|iPhoneSimulator.Build.0 = Release|Any CPU
		{CE24FB62-C9AE-4BE0-9B06-9C789D670BBE}.Ad-Hoc|iPhoneSimulator.Deploy.0 = Release|Any CPU
		{CE24FB62-C9AE-4BE0-9B06-9C789D670BBE}.Ad-Hoc|x64.ActiveCfg = Release|Any CPU
		{CE24FB62-C9AE-4BE0-9B06-9C789D670BBE}.Ad-Hoc|x64.Build.0 = Release|Any CPU
		{CE24FB62-C9AE-4BE0-9B06-9C789D670BBE}.Ad-Hoc|x64.Deploy.0 = Release|Any CPU
		{CE24FB62-C9AE-4BE0-9B06-9C789D670BBE}.Ad-Hoc|x86.ActiveCfg = Release|Any CPU
		{CE24FB62-C9AE-4BE0-9B06-9C789D670BBE}.Ad-Hoc|x86.Build.0 = Release|Any CPU
		{CE24FB62-C9AE-4BE0-9B06-9C789D670BBE}.Ad-Hoc|x86.Deploy.0 = Release|Any CPU
		{CE24FB62-C9AE-4BE0-9B06-9C789D670BBE}.AppStore|Any CPU.ActiveCfg = Release|Any CPU
		{CE24FB62-C9AE-4BE0-9B06-9C789D670BBE}.AppStore|Any CPU.Build.0 = Release|Any CPU
		{CE24FB62-C9AE-4BE0-9B06-9C789D670BBE}.AppStore|Any CPU.Deploy.0 = Release|Any CPU
		{CE24FB62-C9AE-4BE0-9B06-9C789D670BBE}.AppStore|ARM.ActiveCfg = Release|Any CPU
		{CE24FB62-C9AE-4BE0-9B06-9C789D670BBE}.AppStore|ARM.Build.0 = Release|Any CPU
		{CE24FB62-C9AE-4BE0-9B06-9C789D670BBE}.AppStore|ARM.Deploy.0 = Release|Any CPU
		{CE24FB62-C9AE-4BE0-9B06-9C789D670BBE}.AppStore|iPhone.ActiveCfg = Release|Any CPU
		{CE24FB62-C9AE-4BE0-9B06-9C789D670BBE}.AppStore|iPhone.Build.0 = Release|Any CPU
		{CE24FB62-C9AE-4BE0-9B06-9C789D670BBE}.AppStore|iPhone.Deploy.0 = Release|Any CPU
		{CE24FB62-C9AE-4BE0-9B06-9C789D670BBE}.AppStore|iPhoneSimulator.ActiveCfg = Release|Any CPU
		{CE24FB62-C9AE-4BE0-9B06-9C789D670BBE}.AppStore|iPhoneSimulator.Build.0 = Release|Any CPU
		{CE24FB62-C9AE-4BE0-9B06-9C789D670BBE}.AppStore|iPhoneSimulator.Deploy.0 = Release|Any CPU
		{CE24FB62-C9AE-4BE0-9B06-9C789D670BBE}.AppStore|x64.ActiveCfg = Release|Any CPU
		{CE24FB62-C9AE-4BE0-9B06-9C789D670BBE}.AppStore|x64.Build.0 = Release|Any CPU
		{CE24FB62-C9AE-4BE0-9B06-9C789D670BBE}.AppStore|x64.Deploy.0 = Release|Any CPU
		{CE24FB62-C9AE-4BE0-9B06-9C789D670BBE}.AppStore|x86.ActiveCfg = Release|Any CPU
		{CE24FB62-C9AE-4BE0-9B06-9C789D670BBE}.AppStore|x86.Build.0 = Release|Any CPU
		{CE24FB62-C9AE-4BE0-9B06-9C789D670BBE}.AppStore|x86.Deploy.0 = Release|Any CPU
		{CE24FB62-C9AE-4BE0-9B06-9C789D670BBE}.Debug|Any CPU.ActiveCfg = Debug|Any CPU
		{CE24FB62-C9AE-4BE0-9B06-9C789D670BBE}.Debug|Any CPU.Build.0 = Debug|Any CPU
		{CE24FB62-C9AE-4BE0-9B06-9C789D670BBE}.Debug|Any CPU.Deploy.0 = Debug|Any CPU
		{CE24FB62-C9AE-4BE0-9B06-9C789D670BBE}.Debug|ARM.ActiveCfg = Debug|Any CPU
		{CE24FB62-C9AE-4BE0-9B06-9C789D670BBE}.Debug|ARM.Build.0 = Debug|Any CPU
		{CE24FB62-C9AE-4BE0-9B06-9C789D670BBE}.Debug|ARM.Deploy.0 = Debug|Any CPU
		{CE24FB62-C9AE-4BE0-9B06-9C789D670BBE}.Debug|iPhone.ActiveCfg = Debug|Any CPU
		{CE24FB62-C9AE-4BE0-9B06-9C789D670BBE}.Debug|iPhone.Build.0 = Debug|Any CPU
		{CE24FB62-C9AE-4BE0-9B06-9C789D670BBE}.Debug|iPhone.Deploy.0 = Debug|Any CPU
		{CE24FB62-C9AE-4BE0-9B06-9C789D670BBE}.Debug|iPhoneSimulator.ActiveCfg = Debug|Any CPU
		{CE24FB62-C9AE-4BE0-9B06-9C789D670BBE}.Debug|iPhoneSimulator.Build.0 = Debug|Any CPU
		{CE24FB62-C9AE-4BE0-9B06-9C789D670BBE}.Debug|iPhoneSimulator.Deploy.0 = Debug|Any CPU
		{CE24FB62-C9AE-4BE0-9B06-9C789D670BBE}.Debug|x64.ActiveCfg = Debug|Any CPU
		{CE24FB62-C9AE-4BE0-9B06-9C789D670BBE}.Debug|x64.Build.0 = Debug|Any CPU
		{CE24FB62-C9AE-4BE0-9B06-9C789D670BBE}.Debug|x64.Deploy.0 = Debug|Any CPU
		{CE24FB62-C9AE-4BE0-9B06-9C789D670BBE}.Debug|x86.ActiveCfg = Debug|Any CPU
		{CE24FB62-C9AE-4BE0-9B06-9C789D670BBE}.Debug|x86.Build.0 = Debug|Any CPU
		{CE24FB62-C9AE-4BE0-9B06-9C789D670BBE}.Debug|x86.Deploy.0 = Debug|Any CPU
		{CE24FB62-C9AE-4BE0-9B06-9C789D670BBE}.Release|Any CPU.ActiveCfg = Release|Any CPU
		{CE24FB62-C9AE-4BE0-9B06-9C789D670BBE}.Release|Any CPU.Build.0 = Release|Any CPU
		{CE24FB62-C9AE-4BE0-9B06-9C789D670BBE}.Release|Any CPU.Deploy.0 = Release|Any CPU
		{CE24FB62-C9AE-4BE0-9B06-9C789D670BBE}.Release|ARM.ActiveCfg = Release|Any CPU
		{CE24FB62-C9AE-4BE0-9B06-9C789D670BBE}.Release|ARM.Build.0 = Release|Any CPU
		{CE24FB62-C9AE-4BE0-9B06-9C789D670BBE}.Release|ARM.Deploy.0 = Release|Any CPU
		{CE24FB62-C9AE-4BE0-9B06-9C789D670BBE}.Release|iPhone.ActiveCfg = Release|Any CPU
		{CE24FB62-C9AE-4BE0-9B06-9C789D670BBE}.Release|iPhone.Build.0 = Release|Any CPU
		{CE24FB62-C9AE-4BE0-9B06-9C789D670BBE}.Release|iPhone.Deploy.0 = Release|Any CPU
		{CE24FB62-C9AE-4BE0-9B06-9C789D670BBE}.Release|iPhoneSimulator.ActiveCfg = Release|Any CPU
		{CE24FB62-C9AE-4BE0-9B06-9C789D670BBE}.Release|iPhoneSimulator.Build.0 = Release|Any CPU
		{CE24FB62-C9AE-4BE0-9B06-9C789D670BBE}.Release|iPhoneSimulator.Deploy.0 = Release|Any CPU
		{CE24FB62-C9AE-4BE0-9B06-9C789D670BBE}.Release|x64.ActiveCfg = Release|Any CPU
		{CE24FB62-C9AE-4BE0-9B06-9C789D670BBE}.Release|x64.Build.0 = Release|Any CPU
		{CE24FB62-C9AE-4BE0-9B06-9C789D670BBE}.Release|x64.Deploy.0 = Release|Any CPU
		{CE24FB62-C9AE-4BE0-9B06-9C789D670BBE}.Release|x86.ActiveCfg = Release|Any CPU
		{CE24FB62-C9AE-4BE0-9B06-9C789D670BBE}.Release|x86.Build.0 = Release|Any CPU
		{CE24FB62-C9AE-4BE0-9B06-9C789D670BBE}.Release|x86.Deploy.0 = Release|Any CPU
		{034952E7-3D89-46DB-B65D-5091AD8FC849}.Ad-Hoc|Any CPU.ActiveCfg = Ad-Hoc|iPhone
		{034952E7-3D89-46DB-B65D-5091AD8FC849}.Ad-Hoc|Any CPU.Build.0 = Ad-Hoc|iPhone
		{034952E7-3D89-46DB-B65D-5091AD8FC849}.Ad-Hoc|Any CPU.Deploy.0 = Ad-Hoc|iPhone
		{034952E7-3D89-46DB-B65D-5091AD8FC849}.Ad-Hoc|ARM.ActiveCfg = Ad-Hoc|iPhone
		{034952E7-3D89-46DB-B65D-5091AD8FC849}.Ad-Hoc|ARM.Build.0 = Ad-Hoc|iPhone
		{034952E7-3D89-46DB-B65D-5091AD8FC849}.Ad-Hoc|ARM.Deploy.0 = Ad-Hoc|iPhone
		{034952E7-3D89-46DB-B65D-5091AD8FC849}.Ad-Hoc|iPhone.ActiveCfg = Ad-Hoc|iPhone
		{034952E7-3D89-46DB-B65D-5091AD8FC849}.Ad-Hoc|iPhone.Build.0 = Ad-Hoc|iPhone
		{034952E7-3D89-46DB-B65D-5091AD8FC849}.Ad-Hoc|iPhone.Deploy.0 = Ad-Hoc|iPhone
		{034952E7-3D89-46DB-B65D-5091AD8FC849}.Ad-Hoc|iPhoneSimulator.ActiveCfg = Ad-Hoc|iPhoneSimulator
		{034952E7-3D89-46DB-B65D-5091AD8FC849}.Ad-Hoc|iPhoneSimulator.Build.0 = Ad-Hoc|iPhoneSimulator
		{034952E7-3D89-46DB-B65D-5091AD8FC849}.Ad-Hoc|iPhoneSimulator.Deploy.0 = Ad-Hoc|iPhoneSimulator
		{034952E7-3D89-46DB-B65D-5091AD8FC849}.Ad-Hoc|x64.ActiveCfg = Ad-Hoc|iPhone
		{034952E7-3D89-46DB-B65D-5091AD8FC849}.Ad-Hoc|x64.Build.0 = Ad-Hoc|iPhone
		{034952E7-3D89-46DB-B65D-5091AD8FC849}.Ad-Hoc|x64.Deploy.0 = Ad-Hoc|iPhone
		{034952E7-3D89-46DB-B65D-5091AD8FC849}.Ad-Hoc|x86.ActiveCfg = Ad-Hoc|iPhone
		{034952E7-3D89-46DB-B65D-5091AD8FC849}.Ad-Hoc|x86.Build.0 = Ad-Hoc|iPhone
		{034952E7-3D89-46DB-B65D-5091AD8FC849}.Ad-Hoc|x86.Deploy.0 = Ad-Hoc|iPhone
		{034952E7-3D89-46DB-B65D-5091AD8FC849}.AppStore|Any CPU.ActiveCfg = AppStore|iPhone
		{034952E7-3D89-46DB-B65D-5091AD8FC849}.AppStore|Any CPU.Build.0 = AppStore|iPhone
		{034952E7-3D89-46DB-B65D-5091AD8FC849}.AppStore|Any CPU.Deploy.0 = AppStore|iPhone
		{034952E7-3D89-46DB-B65D-5091AD8FC849}.AppStore|ARM.ActiveCfg = AppStore|iPhone
		{034952E7-3D89-46DB-B65D-5091AD8FC849}.AppStore|ARM.Build.0 = AppStore|iPhone
		{034952E7-3D89-46DB-B65D-5091AD8FC849}.AppStore|ARM.Deploy.0 = AppStore|iPhone
		{034952E7-3D89-46DB-B65D-5091AD8FC849}.AppStore|iPhone.ActiveCfg = AppStore|iPhone
		{034952E7-3D89-46DB-B65D-5091AD8FC849}.AppStore|iPhone.Build.0 = AppStore|iPhone
		{034952E7-3D89-46DB-B65D-5091AD8FC849}.AppStore|iPhone.Deploy.0 = AppStore|iPhone
		{034952E7-3D89-46DB-B65D-5091AD8FC849}.AppStore|iPhoneSimulator.ActiveCfg = AppStore|iPhoneSimulator
		{034952E7-3D89-46DB-B65D-5091AD8FC849}.AppStore|iPhoneSimulator.Build.0 = AppStore|iPhoneSimulator
		{034952E7-3D89-46DB-B65D-5091AD8FC849}.AppStore|iPhoneSimulator.Deploy.0 = AppStore|iPhoneSimulator
		{034952E7-3D89-46DB-B65D-5091AD8FC849}.AppStore|x64.ActiveCfg = AppStore|iPhone
		{034952E7-3D89-46DB-B65D-5091AD8FC849}.AppStore|x64.Build.0 = AppStore|iPhone
		{034952E7-3D89-46DB-B65D-5091AD8FC849}.AppStore|x64.Deploy.0 = AppStore|iPhone
		{034952E7-3D89-46DB-B65D-5091AD8FC849}.AppStore|x86.ActiveCfg = AppStore|iPhone
		{034952E7-3D89-46DB-B65D-5091AD8FC849}.AppStore|x86.Build.0 = AppStore|iPhone
		{034952E7-3D89-46DB-B65D-5091AD8FC849}.AppStore|x86.Deploy.0 = AppStore|iPhone
		{034952E7-3D89-46DB-B65D-5091AD8FC849}.Debug|Any CPU.ActiveCfg = Debug|iPhoneSimulator
		{034952E7-3D89-46DB-B65D-5091AD8FC849}.Debug|Any CPU.Build.0 = Debug|iPhoneSimulator
		{034952E7-3D89-46DB-B65D-5091AD8FC849}.Debug|Any CPU.Deploy.0 = Debug|iPhoneSimulator
		{034952E7-3D89-46DB-B65D-5091AD8FC849}.Debug|ARM.ActiveCfg = Debug|iPhone
		{034952E7-3D89-46DB-B65D-5091AD8FC849}.Debug|ARM.Build.0 = Debug|iPhone
		{034952E7-3D89-46DB-B65D-5091AD8FC849}.Debug|ARM.Deploy.0 = Debug|iPhone
		{034952E7-3D89-46DB-B65D-5091AD8FC849}.Debug|iPhone.ActiveCfg = Debug|iPhone
		{034952E7-3D89-46DB-B65D-5091AD8FC849}.Debug|iPhone.Build.0 = Debug|iPhone
		{034952E7-3D89-46DB-B65D-5091AD8FC849}.Debug|iPhone.Deploy.0 = Debug|iPhone
		{034952E7-3D89-46DB-B65D-5091AD8FC849}.Debug|iPhoneSimulator.ActiveCfg = Debug|iPhoneSimulator
		{034952E7-3D89-46DB-B65D-5091AD8FC849}.Debug|iPhoneSimulator.Build.0 = Debug|iPhoneSimulator
		{034952E7-3D89-46DB-B65D-5091AD8FC849}.Debug|iPhoneSimulator.Deploy.0 = Debug|iPhoneSimulator
		{034952E7-3D89-46DB-B65D-5091AD8FC849}.Debug|x64.ActiveCfg = Debug|iPhone
		{034952E7-3D89-46DB-B65D-5091AD8FC849}.Debug|x64.Build.0 = Debug|iPhone
		{034952E7-3D89-46DB-B65D-5091AD8FC849}.Debug|x64.Deploy.0 = Debug|iPhone
		{034952E7-3D89-46DB-B65D-5091AD8FC849}.Debug|x86.ActiveCfg = Debug|iPhone
		{034952E7-3D89-46DB-B65D-5091AD8FC849}.Debug|x86.Build.0 = Debug|iPhone
		{034952E7-3D89-46DB-B65D-5091AD8FC849}.Debug|x86.Deploy.0 = Debug|iPhone
		{034952E7-3D89-46DB-B65D-5091AD8FC849}.Release|Any CPU.ActiveCfg = Release|iPhone
		{034952E7-3D89-46DB-B65D-5091AD8FC849}.Release|Any CPU.Build.0 = Release|iPhone
		{034952E7-3D89-46DB-B65D-5091AD8FC849}.Release|Any CPU.Deploy.0 = Release|iPhone
		{034952E7-3D89-46DB-B65D-5091AD8FC849}.Release|ARM.ActiveCfg = Release|iPhone
		{034952E7-3D89-46DB-B65D-5091AD8FC849}.Release|ARM.Build.0 = Release|iPhone
		{034952E7-3D89-46DB-B65D-5091AD8FC849}.Release|ARM.Deploy.0 = Release|iPhone
		{034952E7-3D89-46DB-B65D-5091AD8FC849}.Release|iPhone.ActiveCfg = Release|iPhone
		{034952E7-3D89-46DB-B65D-5091AD8FC849}.Release|iPhone.Build.0 = Release|iPhone
		{034952E7-3D89-46DB-B65D-5091AD8FC849}.Release|iPhone.Deploy.0 = Release|iPhone
		{034952E7-3D89-46DB-B65D-5091AD8FC849}.Release|iPhoneSimulator.ActiveCfg = Release|iPhoneSimulator
		{034952E7-3D89-46DB-B65D-5091AD8FC849}.Release|iPhoneSimulator.Build.0 = Release|iPhoneSimulator
		{034952E7-3D89-46DB-B65D-5091AD8FC849}.Release|iPhoneSimulator.Deploy.0 = Release|iPhoneSimulator
		{034952E7-3D89-46DB-B65D-5091AD8FC849}.Release|x64.ActiveCfg = Release|iPhone
		{034952E7-3D89-46DB-B65D-5091AD8FC849}.Release|x64.Build.0 = Release|iPhone
		{034952E7-3D89-46DB-B65D-5091AD8FC849}.Release|x64.Deploy.0 = Release|iPhone
		{034952E7-3D89-46DB-B65D-5091AD8FC849}.Release|x86.ActiveCfg = Release|iPhone
		{034952E7-3D89-46DB-B65D-5091AD8FC849}.Release|x86.Build.0 = Release|iPhone
		{034952E7-3D89-46DB-B65D-5091AD8FC849}.Release|x86.Deploy.0 = Release|iPhone
		{AD941338-BE31-4E0A-BEC1-D11A137506E0}.Ad-Hoc|Any CPU.ActiveCfg = Release|x86
		{AD941338-BE31-4E0A-BEC1-D11A137506E0}.Ad-Hoc|Any CPU.Build.0 = Release|x86
		{AD941338-BE31-4E0A-BEC1-D11A137506E0}.Ad-Hoc|Any CPU.Deploy.0 = Release|x86
		{AD941338-BE31-4E0A-BEC1-D11A137506E0}.Ad-Hoc|ARM.ActiveCfg = Release|ARM
		{AD941338-BE31-4E0A-BEC1-D11A137506E0}.Ad-Hoc|ARM.Build.0 = Release|ARM
		{AD941338-BE31-4E0A-BEC1-D11A137506E0}.Ad-Hoc|ARM.Deploy.0 = Release|ARM
		{AD941338-BE31-4E0A-BEC1-D11A137506E0}.Ad-Hoc|iPhone.ActiveCfg = Release|x86
		{AD941338-BE31-4E0A-BEC1-D11A137506E0}.Ad-Hoc|iPhone.Build.0 = Release|x86
		{AD941338-BE31-4E0A-BEC1-D11A137506E0}.Ad-Hoc|iPhone.Deploy.0 = Release|x86
		{AD941338-BE31-4E0A-BEC1-D11A137506E0}.Ad-Hoc|iPhoneSimulator.ActiveCfg = Release|x86
		{AD941338-BE31-4E0A-BEC1-D11A137506E0}.Ad-Hoc|iPhoneSimulator.Build.0 = Release|x86
		{AD941338-BE31-4E0A-BEC1-D11A137506E0}.Ad-Hoc|iPhoneSimulator.Deploy.0 = Release|x86
		{AD941338-BE31-4E0A-BEC1-D11A137506E0}.Ad-Hoc|x64.ActiveCfg = Release|x64
		{AD941338-BE31-4E0A-BEC1-D11A137506E0}.Ad-Hoc|x64.Build.0 = Release|x64
		{AD941338-BE31-4E0A-BEC1-D11A137506E0}.Ad-Hoc|x64.Deploy.0 = Release|x64
		{AD941338-BE31-4E0A-BEC1-D11A137506E0}.Ad-Hoc|x86.ActiveCfg = Release|x86
		{AD941338-BE31-4E0A-BEC1-D11A137506E0}.Ad-Hoc|x86.Build.0 = Release|x86
		{AD941338-BE31-4E0A-BEC1-D11A137506E0}.Ad-Hoc|x86.Deploy.0 = Release|x86
		{AD941338-BE31-4E0A-BEC1-D11A137506E0}.AppStore|Any CPU.ActiveCfg = Release|x86
		{AD941338-BE31-4E0A-BEC1-D11A137506E0}.AppStore|Any CPU.Build.0 = Release|x86
		{AD941338-BE31-4E0A-BEC1-D11A137506E0}.AppStore|Any CPU.Deploy.0 = Release|x86
		{AD941338-BE31-4E0A-BEC1-D11A137506E0}.AppStore|ARM.ActiveCfg = Release|ARM
		{AD941338-BE31-4E0A-BEC1-D11A137506E0}.AppStore|ARM.Build.0 = Release|ARM
		{AD941338-BE31-4E0A-BEC1-D11A137506E0}.AppStore|ARM.Deploy.0 = Release|ARM
		{AD941338-BE31-4E0A-BEC1-D11A137506E0}.AppStore|iPhone.ActiveCfg = Release|x86
		{AD941338-BE31-4E0A-BEC1-D11A137506E0}.AppStore|iPhone.Build.0 = Release|x86
		{AD941338-BE31-4E0A-BEC1-D11A137506E0}.AppStore|iPhone.Deploy.0 = Release|x86
		{AD941338-BE31-4E0A-BEC1-D11A137506E0}.AppStore|iPhoneSimulator.ActiveCfg = Release|x86
		{AD941338-BE31-4E0A-BEC1-D11A137506E0}.AppStore|iPhoneSimulator.Build.0 = Release|x86
		{AD941338-BE31-4E0A-BEC1-D11A137506E0}.AppStore|iPhoneSimulator.Deploy.0 = Release|x86
		{AD941338-BE31-4E0A-BEC1-D11A137506E0}.AppStore|x64.ActiveCfg = Release|x64
		{AD941338-BE31-4E0A-BEC1-D11A137506E0}.AppStore|x64.Build.0 = Release|x64
		{AD941338-BE31-4E0A-BEC1-D11A137506E0}.AppStore|x64.Deploy.0 = Release|x64
		{AD941338-BE31-4E0A-BEC1-D11A137506E0}.AppStore|x86.ActiveCfg = Release|x86
		{AD941338-BE31-4E0A-BEC1-D11A137506E0}.AppStore|x86.Build.0 = Release|x86
		{AD941338-BE31-4E0A-BEC1-D11A137506E0}.AppStore|x86.Deploy.0 = Release|x86
		{AD941338-BE31-4E0A-BEC1-D11A137506E0}.Debug|Any CPU.ActiveCfg = Debug|x86
		{AD941338-BE31-4E0A-BEC1-D11A137506E0}.Debug|Any CPU.Build.0 = Debug|x86
		{AD941338-BE31-4E0A-BEC1-D11A137506E0}.Debug|Any CPU.Deploy.0 = Debug|x86
		{AD941338-BE31-4E0A-BEC1-D11A137506E0}.Debug|ARM.ActiveCfg = Debug|ARM
		{AD941338-BE31-4E0A-BEC1-D11A137506E0}.Debug|ARM.Build.0 = Debug|ARM
		{AD941338-BE31-4E0A-BEC1-D11A137506E0}.Debug|ARM.Deploy.0 = Debug|ARM
		{AD941338-BE31-4E0A-BEC1-D11A137506E0}.Debug|iPhone.ActiveCfg = Debug|x86
		{AD941338-BE31-4E0A-BEC1-D11A137506E0}.Debug|iPhone.Build.0 = Debug|x86
		{AD941338-BE31-4E0A-BEC1-D11A137506E0}.Debug|iPhone.Deploy.0 = Debug|x86
		{AD941338-BE31-4E0A-BEC1-D11A137506E0}.Debug|iPhoneSimulator.ActiveCfg = Debug|x86
		{AD941338-BE31-4E0A-BEC1-D11A137506E0}.Debug|iPhoneSimulator.Build.0 = Debug|x86
		{AD941338-BE31-4E0A-BEC1-D11A137506E0}.Debug|iPhoneSimulator.Deploy.0 = Debug|x86
		{AD941338-BE31-4E0A-BEC1-D11A137506E0}.Debug|x64.ActiveCfg = Debug|x64
		{AD941338-BE31-4E0A-BEC1-D11A137506E0}.Debug|x64.Build.0 = Debug|x64
		{AD941338-BE31-4E0A-BEC1-D11A137506E0}.Debug|x64.Deploy.0 = Debug|x64
		{AD941338-BE31-4E0A-BEC1-D11A137506E0}.Debug|x86.ActiveCfg = Debug|x86
		{AD941338-BE31-4E0A-BEC1-D11A137506E0}.Debug|x86.Build.0 = Debug|x86
		{AD941338-BE31-4E0A-BEC1-D11A137506E0}.Debug|x86.Deploy.0 = Debug|x86
		{AD941338-BE31-4E0A-BEC1-D11A137506E0}.Release|Any CPU.ActiveCfg = Release|x86
		{AD941338-BE31-4E0A-BEC1-D11A137506E0}.Release|Any CPU.Build.0 = Release|x86
		{AD941338-BE31-4E0A-BEC1-D11A137506E0}.Release|Any CPU.Deploy.0 = Release|x86
		{AD941338-BE31-4E0A-BEC1-D11A137506E0}.Release|ARM.ActiveCfg = Release|ARM
		{AD941338-BE31-4E0A-BEC1-D11A137506E0}.Release|ARM.Build.0 = Release|ARM
		{AD941338-BE31-4E0A-BEC1-D11A137506E0}.Release|ARM.Deploy.0 = Release|ARM
		{AD941338-BE31-4E0A-BEC1-D11A137506E0}.Release|iPhone.ActiveCfg = Release|x86
		{AD941338-BE31-4E0A-BEC1-D11A137506E0}.Release|iPhone.Build.0 = Release|x86
		{AD941338-BE31-4E0A-BEC1-D11A137506E0}.Release|iPhone.Deploy.0 = Release|x86
		{AD941338-BE31-4E0A-BEC1-D11A137506E0}.Release|iPhoneSimulator.ActiveCfg = Release|x86
		{AD941338-BE31-4E0A-BEC1-D11A137506E0}.Release|iPhoneSimulator.Build.0 = Release|x86
		{AD941338-BE31-4E0A-BEC1-D11A137506E0}.Release|iPhoneSimulator.Deploy.0 = Release|x86
		{AD941338-BE31-4E0A-BEC1-D11A137506E0}.Release|x64.ActiveCfg = Release|x64
		{AD941338-BE31-4E0A-BEC1-D11A137506E0}.Release|x64.Build.0 = Release|x64
		{AD941338-BE31-4E0A-BEC1-D11A137506E0}.Release|x64.Deploy.0 = Release|x64
		{AD941338-BE31-4E0A-BEC1-D11A137506E0}.Release|x86.ActiveCfg = Release|x86
		{AD941338-BE31-4E0A-BEC1-D11A137506E0}.Release|x86.Build.0 = Release|x86
		{AD941338-BE31-4E0A-BEC1-D11A137506E0}.Release|x86.Deploy.0 = Release|x86
		{81144BE0-DBCF-4CAF-857A-7655FF2AFA49}.Ad-Hoc|Any CPU.ActiveCfg = Debug|Any CPU
		{81144BE0-DBCF-4CAF-857A-7655FF2AFA49}.Ad-Hoc|Any CPU.Build.0 = Debug|Any CPU
		{81144BE0-DBCF-4CAF-857A-7655FF2AFA49}.Ad-Hoc|Any CPU.Deploy.0 = Debug|Any CPU
		{81144BE0-DBCF-4CAF-857A-7655FF2AFA49}.Ad-Hoc|ARM.ActiveCfg = Debug|Any CPU
		{81144BE0-DBCF-4CAF-857A-7655FF2AFA49}.Ad-Hoc|ARM.Build.0 = Debug|Any CPU
		{81144BE0-DBCF-4CAF-857A-7655FF2AFA49}.Ad-Hoc|ARM.Deploy.0 = Debug|Any CPU
		{81144BE0-DBCF-4CAF-857A-7655FF2AFA49}.Ad-Hoc|iPhone.ActiveCfg = Debug|Any CPU
		{81144BE0-DBCF-4CAF-857A-7655FF2AFA49}.Ad-Hoc|iPhone.Build.0 = Debug|Any CPU
		{81144BE0-DBCF-4CAF-857A-7655FF2AFA49}.Ad-Hoc|iPhone.Deploy.0 = Debug|Any CPU
		{81144BE0-DBCF-4CAF-857A-7655FF2AFA49}.Ad-Hoc|iPhoneSimulator.ActiveCfg = Debug|Any CPU
		{81144BE0-DBCF-4CAF-857A-7655FF2AFA49}.Ad-Hoc|iPhoneSimulator.Build.0 = Debug|Any CPU
		{81144BE0-DBCF-4CAF-857A-7655FF2AFA49}.Ad-Hoc|iPhoneSimulator.Deploy.0 = Debug|Any CPU
		{81144BE0-DBCF-4CAF-857A-7655FF2AFA49}.Ad-Hoc|x64.ActiveCfg = Debug|Any CPU
		{81144BE0-DBCF-4CAF-857A-7655FF2AFA49}.Ad-Hoc|x64.Build.0 = Debug|Any CPU
		{81144BE0-DBCF-4CAF-857A-7655FF2AFA49}.Ad-Hoc|x64.Deploy.0 = Debug|Any CPU
		{81144BE0-DBCF-4CAF-857A-7655FF2AFA49}.Ad-Hoc|x86.ActiveCfg = Debug|Any CPU
		{81144BE0-DBCF-4CAF-857A-7655FF2AFA49}.Ad-Hoc|x86.Build.0 = Debug|Any CPU
		{81144BE0-DBCF-4CAF-857A-7655FF2AFA49}.Ad-Hoc|x86.Deploy.0 = Debug|Any CPU
		{81144BE0-DBCF-4CAF-857A-7655FF2AFA49}.AppStore|Any CPU.ActiveCfg = Debug|Any CPU
		{81144BE0-DBCF-4CAF-857A-7655FF2AFA49}.AppStore|Any CPU.Build.0 = Debug|Any CPU
		{81144BE0-DBCF-4CAF-857A-7655FF2AFA49}.AppStore|Any CPU.Deploy.0 = Debug|Any CPU
		{81144BE0-DBCF-4CAF-857A-7655FF2AFA49}.AppStore|ARM.ActiveCfg = Debug|Any CPU
		{81144BE0-DBCF-4CAF-857A-7655FF2AFA49}.AppStore|ARM.Build.0 = Debug|Any CPU
		{81144BE0-DBCF-4CAF-857A-7655FF2AFA49}.AppStore|ARM.Deploy.0 = Debug|Any CPU
		{81144BE0-DBCF-4CAF-857A-7655FF2AFA49}.AppStore|iPhone.ActiveCfg = Debug|Any CPU
		{81144BE0-DBCF-4CAF-857A-7655FF2AFA49}.AppStore|iPhone.Build.0 = Debug|Any CPU
		{81144BE0-DBCF-4CAF-857A-7655FF2AFA49}.AppStore|iPhone.Deploy.0 = Debug|Any CPU
		{81144BE0-DBCF-4CAF-857A-7655FF2AFA49}.AppStore|iPhoneSimulator.ActiveCfg = Debug|Any CPU
		{81144BE0-DBCF-4CAF-857A-7655FF2AFA49}.AppStore|iPhoneSimulator.Build.0 = Debug|Any CPU
		{81144BE0-DBCF-4CAF-857A-7655FF2AFA49}.AppStore|iPhoneSimulator.Deploy.0 = Debug|Any CPU
		{81144BE0-DBCF-4CAF-857A-7655FF2AFA49}.AppStore|x64.ActiveCfg = Debug|Any CPU
		{81144BE0-DBCF-4CAF-857A-7655FF2AFA49}.AppStore|x64.Build.0 = Debug|Any CPU
		{81144BE0-DBCF-4CAF-857A-7655FF2AFA49}.AppStore|x64.Deploy.0 = Debug|Any CPU
		{81144BE0-DBCF-4CAF-857A-7655FF2AFA49}.AppStore|x86.ActiveCfg = Debug|Any CPU
		{81144BE0-DBCF-4CAF-857A-7655FF2AFA49}.AppStore|x86.Build.0 = Debug|Any CPU
		{81144BE0-DBCF-4CAF-857A-7655FF2AFA49}.AppStore|x86.Deploy.0 = Debug|Any CPU
		{81144BE0-DBCF-4CAF-857A-7655FF2AFA49}.Debug|Any CPU.ActiveCfg = Debug|Any CPU
		{81144BE0-DBCF-4CAF-857A-7655FF2AFA49}.Debug|Any CPU.Build.0 = Debug|Any CPU
		{81144BE0-DBCF-4CAF-857A-7655FF2AFA49}.Debug|Any CPU.Deploy.0 = Debug|Any CPU
		{81144BE0-DBCF-4CAF-857A-7655FF2AFA49}.Debug|ARM.ActiveCfg = Debug|Any CPU
		{81144BE0-DBCF-4CAF-857A-7655FF2AFA49}.Debug|ARM.Build.0 = Debug|Any CPU
		{81144BE0-DBCF-4CAF-857A-7655FF2AFA49}.Debug|ARM.Deploy.0 = Debug|Any CPU
		{81144BE0-DBCF-4CAF-857A-7655FF2AFA49}.Debug|iPhone.ActiveCfg = Debug|Any CPU
		{81144BE0-DBCF-4CAF-857A-7655FF2AFA49}.Debug|iPhone.Build.0 = Debug|Any CPU
		{81144BE0-DBCF-4CAF-857A-7655FF2AFA49}.Debug|iPhone.Deploy.0 = Debug|Any CPU
		{81144BE0-DBCF-4CAF-857A-7655FF2AFA49}.Debug|iPhoneSimulator.ActiveCfg = Debug|Any CPU
		{81144BE0-DBCF-4CAF-857A-7655FF2AFA49}.Debug|iPhoneSimulator.Build.0 = Debug|Any CPU
		{81144BE0-DBCF-4CAF-857A-7655FF2AFA49}.Debug|iPhoneSimulator.Deploy.0 = Debug|Any CPU
		{81144BE0-DBCF-4CAF-857A-7655FF2AFA49}.Debug|x64.ActiveCfg = Debug|Any CPU
		{81144BE0-DBCF-4CAF-857A-7655FF2AFA49}.Debug|x64.Build.0 = Debug|Any CPU
		{81144BE0-DBCF-4CAF-857A-7655FF2AFA49}.Debug|x64.Deploy.0 = Debug|Any CPU
		{81144BE0-DBCF-4CAF-857A-7655FF2AFA49}.Debug|x86.ActiveCfg = Debug|Any CPU
		{81144BE0-DBCF-4CAF-857A-7655FF2AFA49}.Debug|x86.Build.0 = Debug|Any CPU
		{81144BE0-DBCF-4CAF-857A-7655FF2AFA49}.Debug|x86.Deploy.0 = Debug|Any CPU
		{81144BE0-DBCF-4CAF-857A-7655FF2AFA49}.Release|Any CPU.ActiveCfg = Release|Any CPU
		{81144BE0-DBCF-4CAF-857A-7655FF2AFA49}.Release|Any CPU.Build.0 = Release|Any CPU
		{81144BE0-DBCF-4CAF-857A-7655FF2AFA49}.Release|Any CPU.Deploy.0 = Release|Any CPU
		{81144BE0-DBCF-4CAF-857A-7655FF2AFA49}.Release|ARM.ActiveCfg = Release|Any CPU
		{81144BE0-DBCF-4CAF-857A-7655FF2AFA49}.Release|ARM.Build.0 = Release|Any CPU
		{81144BE0-DBCF-4CAF-857A-7655FF2AFA49}.Release|ARM.Deploy.0 = Release|Any CPU
		{81144BE0-DBCF-4CAF-857A-7655FF2AFA49}.Release|iPhone.ActiveCfg = Release|Any CPU
		{81144BE0-DBCF-4CAF-857A-7655FF2AFA49}.Release|iPhone.Build.0 = Release|Any CPU
		{81144BE0-DBCF-4CAF-857A-7655FF2AFA49}.Release|iPhone.Deploy.0 = Release|Any CPU
		{81144BE0-DBCF-4CAF-857A-7655FF2AFA49}.Release|iPhoneSimulator.ActiveCfg = Release|Any CPU
		{81144BE0-DBCF-4CAF-857A-7655FF2AFA49}.Release|iPhoneSimulator.Build.0 = Release|Any CPU
		{81144BE0-DBCF-4CAF-857A-7655FF2AFA49}.Release|iPhoneSimulator.Deploy.0 = Release|Any CPU
		{81144BE0-DBCF-4CAF-857A-7655FF2AFA49}.Release|x64.ActiveCfg = Release|Any CPU
		{81144BE0-DBCF-4CAF-857A-7655FF2AFA49}.Release|x64.Build.0 = Release|Any CPU
		{81144BE0-DBCF-4CAF-857A-7655FF2AFA49}.Release|x64.Deploy.0 = Release|Any CPU
		{81144BE0-DBCF-4CAF-857A-7655FF2AFA49}.Release|x86.ActiveCfg = Release|Any CPU
		{81144BE0-DBCF-4CAF-857A-7655FF2AFA49}.Release|x86.Build.0 = Release|Any CPU
		{81144BE0-DBCF-4CAF-857A-7655FF2AFA49}.Release|x86.Deploy.0 = Release|Any CPU
	EndGlobalSection
	GlobalSection(SolutionProperties) = preSolution
		HideSolutionNode = FALSE
	EndGlobalSection
	GlobalSection(ExtensibilityGlobals) = postSolution
		SolutionGuid = {7FCC93DD-3D42-42C6-89B4-969F936B57E3}
	EndGlobalSection
EndGlobal
